// !$*UTF8*$!
{
	archiveVersion = 1;
	classes = {
	};
	objectVersion = 46;
	objects = {

/* Begin PBXBuildFile section */
		F938DD801A5A5BC800A1F2D6 /* main.m in Sources */ = {isa = PBXBuildFile; fileRef = F938DD7F1A5A5BC800A1F2D6 /* main.m */; };
		F938DD831A5A5BC800A1F2D6 /* AppDelegate.m in Sources */ = {isa = PBXBuildFile; fileRef = F938DD821A5A5BC800A1F2D6 /* AppDelegate.m */; };
		F938DD861A5A5BC800A1F2D6 /* ViewController.m in Sources */ = {isa = PBXBuildFile; fileRef = F938DD851A5A5BC800A1F2D6 /* ViewController.m */; };
		F938DD891A5A5BC800A1F2D6 /* Main.storyboard in Resources */ = {isa = PBXBuildFile; fileRef = F938DD871A5A5BC800A1F2D6 /* Main.storyboard */; };
		F938DD8B1A5A5BC800A1F2D6 /* Images.xcassets in Resources */ = {isa = PBXBuildFile; fileRef = F938DD8A1A5A5BC800A1F2D6 /* Images.xcassets */; };
		F938DD8E1A5A5BC800A1F2D6 /* LaunchScreen.xib in Resources */ = {isa = PBXBuildFile; fileRef = F938DD8C1A5A5BC800A1F2D6 /* LaunchScreen.xib */; };
		F938DD9A1A5A5BC800A1F2D6 /* FoodenakTests.m in Sources */ = {isa = PBXBuildFile; fileRef = F938DD991A5A5BC800A1F2D6 /* FoodenakTests.m */; };
/* End PBXBuildFile section */

/* Begin PBXContainerItemProxy section */
		F938DD941A5A5BC800A1F2D6 /* PBXContainerItemProxy */ = {
			isa = PBXContainerItemProxy;
			containerPortal = F938DD721A5A5BC800A1F2D6 /* Project object */;
			proxyType = 1;
			remoteGlobalIDString = F938DD791A5A5BC800A1F2D6;
			remoteInfo = Foodenak;
		};
/* End PBXContainerItemProxy section */

/* Begin PBXFileReference section */
		F938DD7A1A5A5BC800A1F2D6 /* Foodenak.app */ = {isa = PBXFileReference; explicitFileType = wrapper.application; includeInIndex = 0; path = Foodenak.app; sourceTree = BUILT_PRODUCTS_DIR; };
		F938DD7E1A5A5BC800A1F2D6 /* Info.plist */ = {isa = PBXFileReference; lastKnownFileType = text.plist.xml; path = Info.plist; sourceTree = "<group>"; };
		F938DD7F1A5A5BC800A1F2D6 /* main.m */ = {isa = PBXFileReference; lastKnownFileType = sourcecode.c.objc; path = main.m; sourceTree = "<group>"; };
		F938DD811A5A5BC800A1F2D6 /* AppDelegate.h */ = {isa = PBXFileReference; lastKnownFileType = sourcecode.c.h; path = AppDelegate.h; sourceTree = "<group>"; };
		F938DD821A5A5BC800A1F2D6 /* AppDelegate.m */ = {isa = PBXFileReference; lastKnownFileType = sourcecode.c.objc; path = AppDelegate.m; sourceTree = "<group>"; };
		F938DD841A5A5BC800A1F2D6 /* ViewController.h */ = {isa = PBXFileReference; lastKnownFileType = sourcecode.c.h; path = ViewController.h; sourceTree = "<group>"; };
		F938DD851A5A5BC800A1F2D6 /* ViewController.m */ = {isa = PBXFileReference; lastKnownFileType = sourcecode.c.objc; path = ViewController.m; sourceTree = "<group>"; };
		F938DD881A5A5BC800A1F2D6 /* Base */ = {isa = PBXFileReference; lastKnownFileType = file.storyboard; name = Base; path = Base.lproj/Main.storyboard; sourceTree = "<group>"; };
		F938DD8A1A5A5BC800A1F2D6 /* Images.xcassets */ = {isa = PBXFileReference; lastKnownFileType = folder.assetcatalog; path = Images.xcassets; sourceTree = "<group>"; };
		F938DD8D1A5A5BC800A1F2D6 /* Base */ = {isa = PBXFileReference; lastKnownFileType = file.xib; name = Base; path = Base.lproj/LaunchScreen.xib; sourceTree = "<group>"; };
		F938DD931A5A5BC800A1F2D6 /* FoodenakTests.xctest */ = {isa = PBXFileReference; explicitFileType = wrapper.cfbundle; includeInIndex = 0; path = FoodenakTests.xctest; sourceTree = BUILT_PRODUCTS_DIR; };
		F938DD981A5A5BC800A1F2D6 /* Info.plist */ = {isa = PBXFileReference; lastKnownFileType = text.plist.xml; path = Info.plist; sourceTree = "<group>"; };
		F938DD991A5A5BC800A1F2D6 /* FoodenakTests.m */ = {isa = PBXFileReference; lastKnownFileType = sourcecode.c.objc; path = FoodenakTests.m; sourceTree = "<group>"; };
/* End PBXFileReference section */

/* Begin PBXFrameworksBuildPhase section */
		F938DD771A5A5BC800A1F2D6 /* Frameworks */ = {
			isa = PBXFrameworksBuildPhase;
			buildActionMask = 2147483647;
			files = (
			);
			runOnlyForDeploymentPostprocessing = 0;
		};
		F938DD901A5A5BC800A1F2D6 /* Frameworks */ = {
			isa = PBXFrameworksBuildPhase;
			buildActionMask = 2147483647;
			files = (
			);
			runOnlyForDeploymentPostprocessing = 0;
		};
/* End PBXFrameworksBuildPhase section */

/* Begin PBXGroup section */
		F938DD711A5A5BC800A1F2D6 = {
			isa = PBXGroup;
			children = (
				F938DD7C1A5A5BC800A1F2D6 /* Foodenak */,
				F938DD961A5A5BC800A1F2D6 /* FoodenakTests */,
				F938DD7B1A5A5BC800A1F2D6 /* Products */,
			);
			sourceTree = "<group>";
		};
		F938DD7B1A5A5BC800A1F2D6 /* Products */ = {
			isa = PBXGroup;
			children = (
				F938DD7A1A5A5BC800A1F2D6 /* Foodenak.app */,
				F938DD931A5A5BC800A1F2D6 /* FoodenakTests.xctest */,
			);
			name = Products;
			sourceTree = "<group>";
		};
		F938DD7C1A5A5BC800A1F2D6 /* Foodenak */ = {
			isa = PBXGroup;
			children = (
				F938DD811A5A5BC800A1F2D6 /* AppDelegate.h */,
				F938DD821A5A5BC800A1F2D6 /* AppDelegate.m */,
				F938DD841A5A5BC800A1F2D6 /* ViewController.h */,
				F938DD851A5A5BC800A1F2D6 /* ViewController.m */,
				F938DD871A5A5BC800A1F2D6 /* Main.storyboard */,
				F938DD8A1A5A5BC800A1F2D6 /* Images.xcassets */,
				F938DD8C1A5A5BC800A1F2D6 /* LaunchScreen.xib */,
				F938DD7D1A5A5BC800A1F2D6 /* Supporting Files */,
			);
			path = Foodenak;
			sourceTree = "<group>";
		};
		F938DD7D1A5A5BC800A1F2D6 /* Supporting Files */ = {
			isa = PBXGroup;
			children = (
				F938DD7E1A5A5BC800A1F2D6 /* Info.plist */,
				F938DD7F1A5A5BC800A1F2D6 /* main.m */,
			);
			name = "Supporting Files";
			sourceTree = "<group>";
		};
		F938DD961A5A5BC800A1F2D6 /* FoodenakTests */ = {
			isa = PBXGroup;
			children = (
				F938DD991A5A5BC800A1F2D6 /* FoodenakTests.m */,
				F938DD971A5A5BC800A1F2D6 /* Supporting Files */,
			);
			path = FoodenakTests;
			sourceTree = "<group>";
		};
		F938DD971A5A5BC800A1F2D6 /* Supporting Files */ = {
			isa = PBXGroup;
			children = (
				F938DD981A5A5BC800A1F2D6 /* Info.plist */,
			);
			name = "Supporting Files";
			sourceTree = "<group>";
		};
/* End PBXGroup section */

/* Begin PBXNativeTarget section */
		F938DD791A5A5BC800A1F2D6 /* Foodenak */ = {
			isa = PBXNativeTarget;
			buildConfigurationList = F938DD9D1A5A5BC800A1F2D6 /* Build configuration list for PBXNativeTarget "Foodenak" */;
			buildPhases = (
				F938DD761A5A5BC800A1F2D6 /* Sources */,
				F938DD771A5A5BC800A1F2D6 /* Frameworks */,
				F938DD781A5A5BC800A1F2D6 /* Resources */,
			);
			buildRules = (
			);
			dependencies = (
			);
			name = Foodenak;
			productName = Foodenak;
			productReference = F938DD7A1A5A5BC800A1F2D6 /* Foodenak.app */;
			productType = "com.apple.product-type.application";
		};
		F938DD921A5A5BC800A1F2D6 /* FoodenakTests */ = {
			isa = PBXNativeTarget;
			buildConfigurationList = F938DDA01A5A5BC800A1F2D6 /* Build configuration list for PBXNativeTarget "FoodenakTests" */;
			buildPhases = (
				F938DD8F1A5A5BC800A1F2D6 /* Sources */,
				F938DD901A5A5BC800A1F2D6 /* Frameworks */,
				F938DD911A5A5BC800A1F2D6 /* Resources */,
			);
			buildRules = (
			);
			dependencies = (
				F938DD951A5A5BC800A1F2D6 /* PBXTargetDependency */,
			);
			name = FoodenakTests;
			productName = FoodenakTests;
			productReference = F938DD931A5A5BC800A1F2D6 /* FoodenakTests.xctest */;
			productType = "com.apple.product-type.bundle.unit-test";
		};
/* End PBXNativeTarget section */

/* Begin PBXProject section */
		F938DD721A5A5BC800A1F2D6 /* Project object */ = {
			isa = PBXProject;
			attributes = {
				LastUpgradeCheck = 0610;
				ORGANIZATIONNAME = "Esolz Tech";
				TargetAttributes = {
					F938DD791A5A5BC800A1F2D6 = {
						CreatedOnToolsVersion = 6.1;
					};
					F938DD921A5A5BC800A1F2D6 = {
						CreatedOnToolsVersion = 6.1;
						TestTargetID = F938DD791A5A5BC800A1F2D6;
					};
				};
			};
			buildConfigurationList = F938DD751A5A5BC800A1F2D6 /* Build configuration list for PBXProject "Foodenak" */;
			compatibilityVersion = "Xcode 3.2";
			developmentRegion = English;
			hasScannedForEncodings = 0;
			knownRegions = (
				en,
				Base,
			);
			mainGroup = F938DD711A5A5BC800A1F2D6;
			productRefGroup = F938DD7B1A5A5BC800A1F2D6 /* Products */;
			projectDirPath = "";
			projectRoot = "";
			targets = (
				F938DD791A5A5BC800A1F2D6 /* Foodenak */,
				F938DD921A5A5BC800A1F2D6 /* FoodenakTests */,
			);
		};
/* End PBXProject section */

/* Begin PBXResourcesBuildPhase section */
		F938DD781A5A5BC800A1F2D6 /* Resources */ = {
			isa = PBXResourcesBuildPhase;
			buildActionMask = 2147483647;
			files = (
				F938DD891A5A5BC800A1F2D6 /* Main.storyboard in Resources */,
				F938DD8E1A5A5BC800A1F2D6 /* LaunchScreen.xib in Resources */,
				F938DD8B1A5A5BC800A1F2D6 /* Images.xcassets in Resources */,
			);
			runOnlyForDeploymentPostprocessing = 0;
		};
		F938DD911A5A5BC800A1F2D6 /* Resources */ = {
			isa = PBXResourcesBuildPhase;
			buildActionMask = 2147483647;
			files = (
			);
			runOnlyForDeploymentPostprocessing = 0;
		};
/* End PBXResourcesBuildPhase section */

/* Begin PBXSourcesBuildPhase section */
		F938DD761A5A5BC800A1F2D6 /* Sources */ = {
			isa = PBXSourcesBuildPhase;
			buildActionMask = 2147483647;
			files = (
				F938DD861A5A5BC800A1F2D6 /* ViewController.m in Sources */,
				F938DD831A5A5BC800A1F2D6 /* AppDelegate.m in Sources */,
				F938DD801A5A5BC800A1F2D6 /* main.m in Sources */,
			);
			runOnlyForDeploymentPostprocessing = 0;
		};
		F938DD8F1A5A5BC800A1F2D6 /* Sources */ = {
			isa = PBXSourcesBuildPhase;
			buildActionMask = 2147483647;
			files = (
				F938DD9A1A5A5BC800A1F2D6 /* FoodenakTests.m in Sources */,
			);
			runOnlyForDeploymentPostprocessing = 0;
		};
/* End PBXSourcesBuildPhase section */

/* Begin PBXTargetDependency section */
		F938DD951A5A5BC800A1F2D6 /* PBXTargetDependency */ = {
			isa = PBXTargetDependency;
			target = F938DD791A5A5BC800A1F2D6 /* Foodenak */;
			targetProxy = F938DD941A5A5BC800A1F2D6 /* PBXContainerItemProxy */;
		};
/* End PBXTargetDependency section */

/* Begin PBXVariantGroup section */
		F938DD871A5A5BC800A1F2D6 /* Main.storyboard */ = {
			isa = PBXVariantGroup;
			children = (
				F938DD881A5A5BC800A1F2D6 /* Base */,
			);
			name = Main.storyboard;
			sourceTree = "<group>";
		};
		F938DD8C1A5A5BC800A1F2D6 /* LaunchScreen.xib */ = {
			isa = PBXVariantGroup;
			children = (
				F938DD8D1A5A5BC800A1F2D6 /* Base */,
			);
			name = LaunchScreen.xib;
			sourceTree = "<group>";
		};
/* End PBXVariantGroup section */

/* Begin XCBuildConfiguration section */
		F938DD9B1A5A5BC800A1F2D6 /* Debug */ = {
			isa = XCBuildConfiguration;
			buildSettings = {
				ALWAYS_SEARCH_USER_PATHS = NO;
				CLANG_CXX_LANGUAGE_STANDARD = "gnu++0x";
				CLANG_CXX_LIBRARY = "libc++";
				CLANG_ENABLE_MODULES = YES;
				CLANG_ENABLE_OBJC_ARC = YES;
				CLANG_WARN_BOOL_CONVERSION = YES;
				CLANG_WARN_CONSTANT_CONVERSION = YES;
				CLANG_WARN_DIRECT_OBJC_ISA_USAGE = YES_ERROR;
				CLANG_WARN_EMPTY_BODY = YES;
				CLANG_WARN_ENUM_CONVERSION = YES;
				CLANG_WARN_INT_CONVERSION = YES;
				CLANG_WARN_OBJC_ROOT_CLASS = YES_ERROR;
				CLANG_WARN_UNREACHABLE_CODE = YES;
				CLANG_WARN__DUPLICATE_METHOD_MATCH = YES;
				"CODE_SIGN_IDENTITY[sdk=iphoneos*]" = "iPhone Developer";
				COPY_PHASE_STRIP = NO;
				ENABLE_STRICT_OBJC_MSGSEND = YES;
				GCC_C_LANGUAGE_STANDARD = gnu99;
				GCC_DYNAMIC_NO_PIC = NO;
				GCC_OPTIMIZATION_LEVEL = 0;
				GCC_PREPROCESSOR_DEFINITIONS = (
					"DEBUG=1",
					"$(inherited)",
				);
				GCC_SYMBOLS_PRIVATE_EXTERN = NO;
				GCC_WARN_64_TO_32_BIT_CONVERSION = YES;
				GCC_WARN_ABOUT_RETURN_TYPE = YES_ERROR;
				GCC_WARN_UNDECLARED_SELECTOR = YES;
				GCC_WARN_UNINITIALIZED_AUTOS = YES_AGGRESSIVE;
				GCC_WARN_UNUSED_FUNCTION = YES;
				GCC_WARN_UNUSED_VARIABLE = YES;
				IPHONEOS_DEPLOYMENT_TARGET = 8.1;
				MTL_ENABLE_DEBUG_INFO = YES;
				ONLY_ACTIVE_ARCH = YES;
				SDKROOT = iphoneos;
				TARGETED_DEVICE_FAMILY = "1,2";
			};
			name = Debug;
		};
		F938DD9C1A5A5BC800A1F2D6 /* Release */ = {
			isa = XCBuildConfiguration;
			buildSettings = {
				ALWAYS_SEARCH_USER_PATHS = NO;
				CLANG_CXX_LANGUAGE_STANDARD = "gnu++0x";
				CLANG_CXX_LIBRARY = "libc++";
				CLANG_ENABLE_MODULES = YES;
				CLANG_ENABLE_OBJC_ARC = YES;
				CLANG_WARN_BOOL_CONVERSION = YES;
				CLANG_WARN_CONSTANT_CONVERSION = YES;
				CLANG_WARN_DIRECT_OBJC_ISA_USAGE = YES_ERROR;
				CLANG_WARN_EMPTY_BODY = YES;
				CLANG_WARN_ENUM_CONVERSION = YES;
				CLANG_WARN_INT_CONVERSION = YES;
				CLANG_WARN_OBJC_ROOT_CLASS = YES_ERROR;
				CLANG_WARN_UNREACHABLE_CODE = YES;
				CLANG_WARN__DUPLICATE_METHOD_MATCH = YES;
				"CODE_SIGN_IDENTITY[sdk=iphoneos*]" = "iPhone Developer";
				COPY_PHASE_STRIP = YES;
				ENABLE_NS_ASSERTIONS = NO;
				ENABLE_STRICT_OBJC_MSGSEND = YES;
				GCC_C_LANGUAGE_STANDARD = gnu99;
				GCC_WARN_64_TO_32_BIT_CONVERSION = YES;
				GCC_WARN_ABOUT_RETURN_TYPE = YES_ERROR;
				GCC_WARN_UNDECLARED_SELECTOR = YES;
				GCC_WARN_UNINITIALIZED_AUTOS = YES_AGGRESSIVE;
				GCC_WARN_UNUSED_FUNCTION = YES;
				GCC_WARN_UNUSED_VARIABLE = YES;
				IPHONEOS_DEPLOYMENT_TARGET = 8.1;
				MTL_ENABLE_DEBUG_INFO = NO;
				SDKROOT = iphoneos;
				TARGETED_DEVICE_FAMILY = "1,2";
				VALIDATE_PRODUCT = YES;
			};
			name = Release;
		};
		F938DD9E1A5A5BC800A1F2D6 /* Debug */ = {
			isa = XCBuildConfiguration;
			buildSettings = {
				ASSETCATALOG_COMPILER_APPICON_NAME = AppIcon;
				INFOPLIST_FILE = Foodenak/Info.plist;
				LD_RUNPATH_SEARCH_PATHS = "$(inherited) @executable_path/Frameworks";
				PRODUCT_NAME = "$(TARGET_NAME)";
			};
			name = Debug;
		};
		F938DD9F1A5A5BC800A1F2D6 /* Release */ = {
			isa = XCBuildConfiguration;
			buildSettings = {
				ASSETCATALOG_COMPILER_APPICON_NAME = AppIcon;
				INFOPLIST_FILE = Foodenak/Info.plist;
				LD_RUNPATH_SEARCH_PATHS = "$(inherited) @executable_path/Frameworks";
				PRODUCT_NAME = "$(TARGET_NAME)";
			};
			name = Release;
		};
		F938DDA11A5A5BC800A1F2D6 /* Debug */ = {
			isa = XCBuildConfiguration;
			buildSettings = {
				BUNDLE_LOADER = "$(TEST_HOST)";
				FRAMEWORK_SEARCH_PATHS = (
					"$(SDKROOT)/Developer/Library/Frameworks",
					"$(inherited)",
				);
				GCC_PREPROCESSOR_DEFINITIONS = (
					"DEBUG=1",
					"$(inherited)",
				);
				INFOPLIST_FILE = FoodenakTests/Info.plist;
				LD_RUNPATH_SEARCH_PATHS = "$(inherited) @executable_path/Frameworks @loader_path/Frameworks";
				PRODUCT_NAME = "$(TARGET_NAME)";
				TEST_HOST = "$(BUILT_PRODUCTS_DIR)/Foodenak.app/Foodenak";
			};
			name = Debug;
		};
		F938DDA21A5A5BC800A1F2D6 /* Release */ = {
			isa = XCBuildConfiguration;
			buildSettings = {
				BUNDLE_LOADER = "$(TEST_HOST)";
				FRAMEWORK_SEARCH_PATHS = (
					"$(SDKROOT)/Developer/Library/Frameworks",
					"$(inherited)",
				);
				INFOPLIST_FILE = FoodenakTests/Info.plist;
				LD_RUNPATH_SEARCH_PATHS = "$(inherited) @executable_path/Frameworks @loader_path/Frameworks";
				PRODUCT_NAME = "$(TARGET_NAME)";
				TEST_HOST = "$(BUILT_PRODUCTS_DIR)/Foodenak.app/Foodenak";
			};
			name = Release;
		};
/* End XCBuildConfiguration section */

/* Begin XCConfigurationList section */
		F938DD751A5A5BC800A1F2D6 /* Build configuration list for PBXProject "Foodenak" */ = {
			isa = XCConfigurationList;
			buildConfigurations = (
				F938DD9B1A5A5BC800A1F2D6 /* Debug */,
				F938DD9C1A5A5BC800A1F2D6 /* Release */,
			);
			defaultConfigurationIsVisible = 0;
			defaultConfigurationName = Release;
		};
		F938DD9D1A5A5BC800A1F2D6 /* Build configuration list for PBXNativeTarget "Foodenak" */ = {
			isa = XCConfigurationList;
			buildConfigurations = (
				F938DD9E1A5A5BC800A1F2D6 /* Debug */,
				F938DD9F1A5A5BC800A1F2D6 /* Release */,
			);
			defaultConfigurationIsVisible = 0;
		};
		F938DDA01A5A5BC800A1F2D6 /* Build configuration list for PBXNativeTarget "FoodenakTests" */ = {
			isa = XCConfigurationList;
			buildConfigurations = (
				F938DDA11A5A5BC800A1F2D6 /* Debug */,
				F938DDA21A5A5BC800A1F2D6 /* Release */,
			);
			defaultConfigurationIsVisible = 0;
		};
/* End XCConfigurationList section */
	};
	rootObject = F938DD721A5A5BC800A1F2D6 /* Project object */;
}
